
Microsoft Visual Studio Solution File, Format Version 12.00
# Visual Studio Version 16
VisualStudioVersion = 16.0.31613.86
MinimumVisualStudioVersion = 10.0.40219.1
Project("{FAE04EC0-301F-11D3-BF4B-00C04F79EFBC}") = "eCommerceShopAdminProject", "eCommerceShopAdminProject\eCommerceShopAdminProject.csproj", "{C5C83650-F259-456C-8C95-D06BFB84F7BC}"
EndProject
Global
	GlobalSection(SolutionConfigurationPlatforms) = preSolution
		Debug|Any CPU = Debug|Any CPU
		Release|Any CPU = Release|Any CPU
	EndGlobalSection
	GlobalSection(ProjectConfigurationPlatforms) = postSolution
		{C5C83650-F259-456C-8C95-D06BFB84F7BC}.Debug|Any CPU.ActiveCfg = Debug|Any CPU
		{C5C83650-F259-456C-8C95-D06BFB84F7BC}.Debug|Any CPU.Build.0 = Debug|Any CPU
		{C5C83650-F259-456C-8C95-D06BFB84F7BC}.Release|Any CPU.ActiveCfg = Release|Any CPU
		{C5C83650-F259-456C-8C95-D06BFB84F7BC}.Release|Any CPU.Build.0 = Release|Any CPU
	EndGlobalSection
	GlobalSection(SolutionProperties) = preSolution
		HideSolutionNode = FALSE
	EndGlobalSection
	GlobalSection(ExtensibilityGlobals) = postSolution
		SolutionGuid = {C934F2AD-0825-4BA7-939F-100A6CA7E6AB}
	EndGlobalSection
EndGlobal
